// !$*UTF8*$!
{
	archiveVersion = 1;
	classes = {
	};
	objectVersion = 46;
	objects = {

/* Begin PBXBuildFile section */
		D6ABF6CD1B67159500E2DBCF /* AppDelegate.swift in Sources */ = {isa = PBXBuildFile; fileRef = D6ABF6CC1B67159500E2DBCF /* AppDelegate.swift */; };
		D6ABF6CF1B67159500E2DBCF /* ViewController.swift in Sources */ = {isa = PBXBuildFile; fileRef = D6ABF6CE1B67159500E2DBCF /* ViewController.swift */; };
		D6ABF6D21B67159500E2DBCF /* Main.storyboard in Resources */ = {isa = PBXBuildFile; fileRef = D6ABF6D01B67159500E2DBCF /* Main.storyboard */; };
		D6ABF6D41B67159500E2DBCF /* Assets.xcassets in Resources */ = {isa = PBXBuildFile; fileRef = D6ABF6D31B67159500E2DBCF /* Assets.xcassets */; };
		D6ABF6D71B67159500E2DBCF /* LaunchScreen.storyboard in Resources */ = {isa = PBXBuildFile; fileRef = D6ABF6D51B67159500E2DBCF /* LaunchScreen.storyboard */; };
/* End PBXBuildFile section */

/* Begin PBXFileReference section */
		D6ABF6C91B67159500E2DBCF /* section-02-exercise-01.app */ = {isa = PBXFileReference; explicitFileType = wrapper.application; includeInIndex = 0; path = "section-02-exercise-01.app"; sourceTree = BUILT_PRODUCTS_DIR; };
		D6ABF6CC1B67159500E2DBCF /* AppDelegate.swift */ = {isa = PBXFileReference; lastKnownFileType = sourcecode.swift; path = AppDelegate.swift; sourceTree = "<group>"; };
		D6ABF6CE1B67159500E2DBCF /* ViewController.swift */ = {isa = PBXFileReference; lastKnownFileType = sourcecode.swift; path = ViewController.swift; sourceTree = "<group>"; };
		D6ABF6D11B67159500E2DBCF /* Base */ = {isa = PBXFileReference; lastKnownFileType = file.storyboard; name = Base; path = Base.lproj/Main.storyboard; sourceTree = "<group>"; };
		D6ABF6D31B67159500E2DBCF /* Assets.xcassets */ = {isa = PBXFileReference; lastKnownFileType = folder.assetcatalog; path = Assets.xcassets; sourceTree = "<group>"; };
		D6ABF6D61B67159500E2DBCF /* Base */ = {isa = PBXFileReference; lastKnownFileType = file.storyboard; name = Base; path = Base.lproj/LaunchScreen.storyboard; sourceTree = "<group>"; };
		D6ABF6D81B67159500E2DBCF /* Info.plist */ = {isa = PBXFileReference; lastKnownFileType = text.plist.xml; path = Info.plist; sourceTree = "<group>"; };
/* End PBXFileReference section */

/* Begin PBXFrameworksBuildPhase section */
		D6ABF6C61B67159500E2DBCF /* Frameworks */ = {
			isa = PBXFrameworksBuildPhase;
			buildActionMask = 2147483647;
			files = (
			);
			runOnlyForDeploymentPostprocessing = 0;
		};
/* End PBXFrameworksBuildPhase section */

/* Begin PBXGroup section */
		D6ABF6C01B67159500E2DBCF = {
			isa = PBXGroup;
			children = (
				D6ABF6CB1B67159500E2DBCF /* section-02-exercise-01 */,
				D6ABF6CA1B67159500E2DBCF /* Products */,
			);
			sourceTree = "<group>";
		};
		D6ABF6CA1B67159500E2DBCF /* Products */ = {
			isa = PBXGroup;
			children = (
				D6ABF6C91B67159500E2DBCF /* section-02-exercise-01.app */,
			);
			name = Products;
			sourceTree = "<group>";
		};
		D6ABF6CB1B67159500E2DBCF /* section-02-exercise-01 */ = {
			isa = PBXGroup;
			children = (
				D6ABF6CC1B67159500E2DBCF /* AppDelegate.swift */,
				D6ABF6CE1B67159500E2DBCF /* ViewController.swift */,
				D6ABF6D01B67159500E2DBCF /* Main.storyboard */,
				D6ABF6D31B67159500E2DBCF /* Assets.xcassets */,
				D6ABF6D51B67159500E2DBCF /* LaunchScreen.storyboard */,
				D6ABF6D81B67159500E2DBCF /* Info.plist */,
			);
			path = "section-02-exercise-01";
			sourceTree = "<group>";
		};
/* End PBXGroup section */

/* Begin PBXNativeTarget section */
		D6ABF6C81B67159500E2DBCF /* section-02-exercise-01 */ = {
			isa = PBXNativeTarget;
			buildConfigurationList = D6ABF6DB1B67159500E2DBCF /* Build configuration list for PBXNativeTarget "section-02-exercise-01" */;
			buildPhases = (
				D6ABF6C51B67159500E2DBCF /* Sources */,
				D6ABF6C61B67159500E2DBCF /* Frameworks */,
				D6ABF6C71B67159500E2DBCF /* Resources */,
			);
			buildRules = (
			);
			dependencies = (
			);
			name = "section-02-exercise-01";
			productName = "section-02-exercise-01";
			productReference = D6ABF6C91B67159500E2DBCF /* section-02-exercise-01.app */;
			productType = "com.apple.product-type.application";
		};
/* End PBXNativeTarget section */

/* Begin PBXProject section */
		D6ABF6C11B67159500E2DBCF /* Project object */ = {
			isa = PBXProject;
			attributes = {
				LastUpgradeCheck = 0700;
				ORGANIZATIONNAME = devslopes;
				TargetAttributes = {
					D6ABF6C81B67159500E2DBCF = {
						CreatedOnToolsVersion = 7.0;
					};
				};
			};
			buildConfigurationList = D6ABF6C41B67159500E2DBCF /* Build configuration list for PBXProject "section-02-exercise-01" */;
			compatibilityVersion = "Xcode 3.2";
			developmentRegion = English;
			hasScannedForEncodings = 0;
			knownRegions = (
				en,
				Base,
			);
			mainGroup = D6ABF6C01B67159500E2DBCF;
			productRefGroup = D6ABF6CA1B67159500E2DBCF /* Products */;
			projectDirPath = "";
			projectRoot = "";
			targets = (
				D6ABF6C81B67159500E2DBCF /* section-02-exercise-01 */,
			);
		};
/* End PBXProject section */

/* Begin PBXResourcesBuildPhase section */
		D6ABF6C71B67159500E2DBCF /* Resources */ = {
			isa = PBXResourcesBuildPhase;
			buildActionMask = 2147483647;
			files = (
				D6ABF6D71B67159500E2DBCF /* LaunchScreen.storyboard in Resources */,
				D6ABF6D41B67159500E2DBCF /* Assets.xcassets in Resources */,
				D6ABF6D21B67159500E2DBCF /* Main.storyboard in Resources */,
			);
			runOnlyForDeploymentPostprocessing = 0;
		};
/* End PBXResourcesBuildPhase section */

/* Begin PBXSourcesBuildPhase section */
		D6ABF6C51B67159500E2DBCF /* Sources */ = {
			isa = PBXSourcesBuildPhase;
			buildActionMask = 2147483647;
			files = (
				D6ABF6CF1B67159500E2DBCF /* ViewController.swift in Sources */,
				D6ABF6CD1B67159500E2DBCF /* AppDelegate.swift in Sources */,
			);
			runOnlyForDeploymentPostprocessing = 0;
		};
/* End PBXSourcesBuildPhase section */

/* Begin PBXVariantGroup section */
		D6ABF6D01B67159500E2DBCF /* Main.storyboard */ = {
			isa = PBXVariantGroup;
			children = (
				D6ABF6D11B67159500E2DBCF /* Base */,
			);
			name = Main.storyboard;
			sourceTree = "<group>";
		};
		D6ABF6D51B67159500E2DBCF /* LaunchScreen.storyboard */ = {
			isa = PBXVariantGroup;
			children = (
				D6ABF6D61B67159500E2DBCF /* Base */,
			);
			name = LaunchScreen.storyboard;
			sourceTree = "<group>";
		};
/* End PBXVariantGroup section */

/* Begin XCBuildConfiguration section */
		D6ABF6D91B67159500E2DBCF /* Debug */ = {
			isa = XCBuildConfiguration;
			buildSettings = {
				ALWAYS_SEARCH_USER_PATHS = NO;
				CLANG_CXX_LANGUAGE_STANDARD = "gnu++0x";
				CLANG_CXX_LIBRARY = "libc++";
				CLANG_ENABLE_MODULES = YES;
				CLANG_ENABLE_OBJC_ARC = YES;
				CLANG_WARN_BOOL_CONVERSION = YES;
				CLANG_WARN_CONSTANT_CONVERSION = YES;
				CLANG_WARN_DIRECT_OBJC_ISA_USAGE = YES_ERROR;
				CLANG_WARN_EMPTY_BODY = YES;
				CLANG_WARN_ENUM_CONVERSION = YES;
				CLANG_WARN_INT_CONVERSION = YES;
				CLANG_WARN_OBJC_ROOT_CLASS = YES_ERROR;
				CLANG_WARN_UNREACHABLE_CODE = YES;
				CLANG_WARN__DUPLICATE_METHOD_MATCH = YES;
				"CODE_SIGN_IDENTITY[sdk=iphoneos*]" = "iPhone Developer";
				COPY_PHASE_STRIP = NO;
				DEBUG_INFORMATION_FORMAT = dwarf;
				ENABLE_STRICT_OBJC_MSGSEND = YES;
				ENABLE_TESTABILITY = YES;
				GCC_C_LANGUAGE_STANDARD = gnu99;
				GCC_DYNAMIC_NO_PIC = NO;
				GCC_NO_COMMON_BLOCKS = YES;
				GCC_OPTIMIZATION_LEVEL = 0;
				GCC_PREPROCESSOR_DEFINITIONS = (
					"DEBUG=1",
					"$(inherited)",
				);
				GCC_WARN_64_TO_32_BIT_CONVERSION = YES;
				GCC_WARN_ABOUT_RETURN_TYPE = YES_ERROR;
				GCC_WARN_UNDECLARED_SELECTOR = YES;
				GCC_WARN_UNINITIALIZED_AUTOS = YES_AGGRESSIVE;
				GCC_WARN_UNUSED_FUNCTION = YES;
				GCC_WARN_UNUSED_VARIABLE = YES;
				IPHONEOS_DEPLOYMENT_TARGET = 9.0;
				MTL_ENABLE_DEBUG_INFO = YES;
				ONLY_ACTIVE_ARCH = YES;
				SDKROOT = iphoneos;
				SWIFT_OPTIMIZATION_LEVEL = "-Onone";
			};
			name = Debug;
		};
		D6ABF6DA1B67159500E2DBCF /* Release */ = {
			isa = XCBuildConfiguration;
			buildSettings = {
				ALWAYS_SEARCH_USER_PATHS = NO;
				CLANG_CXX_LANGUAGE_STANDARD = "gnu++0x";
				CLANG_CXX_LIBRARY = "libc++";
				CLANG_ENABLE_MODULES = YES;
				CLANG_ENABLE_OBJC_ARC = YES;
				CLANG_WARN_BOOL_CONVERSION = YES;
				CLANG_WARN_CONSTANT_CONVERSION = YES;
				CLANG_WARN_DIRECT_OBJC_ISA_USAGE = YES_ERROR;
				CLANG_WARN_EMPTY_BODY = YES;
				CLANG_WARN_ENUM_CONVERSION = YES;
				CLANG_WARN_INT_CONVERSION = YES;
				CLANG_WARN_OBJC_ROOT_CLASS = YES_ERROR;
				CLANG_WARN_UNREACHABLE_CODE = YES;
				CLANG_WARN__DUPLICATE_METHOD_MATCH = YES;
				"CODE_SIGN_IDENTITY[sdk=iphoneos*]" = "iPhone Developer";
				COPY_PHASE_STRIP = NO;
				DEBUG_INFORMATION_FORMAT = "dwarf-with-dsym";
				ENABLE_NS_ASSERTIONS = NO;
				ENABLE_STRICT_OBJC_MSGSEND = YES;
				GCC_C_LANGUAGE_STANDARD = gnu99;
				GCC_NO_COMMON_BLOCKS = YES;
				GCC_WARN_64_TO_32_BIT_CONVERSION = YES;
				GCC_WARN_ABOUT_RETURN_TYPE = YES_ERROR;
				GCC_WARN_UNDECLARED_SELECTOR = YES;
				GCC_WARN_UNINITIALIZED_AUTOS = YES_AGGRESSIVE;
				GCC_WARN_UNUSED_FUNCTION = YES;
				GCC_WARN_UNUSED_VARIABLE = YES;
				IPHONEOS_DEPLOYMENT_TARGET = 9.0;
				MTL_ENABLE_DEBUG_INFO = NO;
				SDKROOT = iphoneos;
				VALIDATE_PRODUCT = YES;
			};
			name = Release;
		};
		D6ABF6DC1B67159500E2DBCF /* Debug */ = {
			isa = XCBuildConfiguration;
			buildSettings = {
				ASSETCATALOG_COMPILER_APPICON_NAME = AppIcon;
				INFOPLIST_FILE = "section-02-exercise-01/Info.plist";
				LD_RUNPATH_SEARCH_PATHS = "$(inherited) @executable_path/Frameworks";
				PRODUCT_BUNDLE_IDENTIFIER = "com.devslopes.section-02-exercise-01";
				PRODUCT_NAME = "$(TARGET_NAME)";
			};
			name = Debug;
		};
		D6ABF6DD1B67159500E2DBCF /* Release */ = {
			isa = XCBuildConfiguration;
			buildSettings = {
				ASSETCATALOG_COMPILER_APPICON_NAME = AppIcon;
				INFOPLIST_FILE = "section-02-exercise-01/Info.plist";
				LD_RUNPATH_SEARCH_PATHS = "$(inherited) @executable_path/Frameworks";
				PRODUCT_BUNDLE_IDENTIFIER = "com.devslopes.section-02-exercise-01";
				PRODUCT_NAME = "$(TARGET_NAME)";
			};
			name = Release;
		};
/* End XCBuildConfiguration section */

/* Begin XCConfigurationList section */
		D6ABF6C41B67159500E2DBCF /* Build configuration list for PBXProject "section-02-exercise-01" */ = {
			isa = XCConfigurationList;
			buildConfigurations = (
				D6ABF6D91B67159500E2DBCF /* Debug */,
				D6ABF6DA1B67159500E2DBCF /* Release */,
			);
			defaultConfigurationIsVisible = 0;
			defaultConfigurationName = Release;
		};
		D6ABF6DB1B67159500E2DBCF /* Build configuration list for PBXNativeTarget "section-02-exercise-01" */ = {
			isa = XCConfigurationList;
			buildConfigurations = (
				D6ABF6DC1B67159500E2DBCF /* Debug */,
				D6ABF6DD1B67159500E2DBCF /* Release */,
			);
			defaultConfigurationIsVisible = 0;
		};
/* End XCConfigurationList section */
	};
	rootObject = D6ABF6C11B67159500E2DBCF /* Project object */;
}
