// !$*UTF8*$!
{
	archiveVersion = 1;
	classes = {
	};
	objectVersion = 46;
	objects = {

/* Begin PBXBuildFile section */
		58C328DA1C1C141700FB570C /* AppDelegate.swift in Sources */ = {isa = PBXBuildFile; fileRef = 58C328D91C1C141700FB570C /* AppDelegate.swift */; };
		58C328DC1C1C141700FB570C /* ViewController.swift in Sources */ = {isa = PBXBuildFile; fileRef = 58C328DB1C1C141700FB570C /* ViewController.swift */; };
		58C328DF1C1C141700FB570C /* Main.storyboard in Resources */ = {isa = PBXBuildFile; fileRef = 58C328DD1C1C141700FB570C /* Main.storyboard */; };
		58C328E11C1C141700FB570C /* Assets.xcassets in Resources */ = {isa = PBXBuildFile; fileRef = 58C328E01C1C141700FB570C /* Assets.xcassets */; };
		58C328E41C1C141700FB570C /* LaunchScreen.storyboard in Resources */ = {isa = PBXBuildFile; fileRef = 58C328E21C1C141700FB570C /* LaunchScreen.storyboard */; };
/* End PBXBuildFile section */

/* Begin PBXFileReference section */
		58C328D61C1C141700FB570C /* DaCoolest.app */ = {isa = PBXFileReference; explicitFileType = wrapper.application; includeInIndex = 0; path = DaCoolest.app; sourceTree = BUILT_PRODUCTS_DIR; };
		58C328D91C1C141700FB570C /* AppDelegate.swift */ = {isa = PBXFileReference; lastKnownFileType = sourcecode.swift; path = AppDelegate.swift; sourceTree = "<group>"; };
		58C328DB1C1C141700FB570C /* ViewController.swift */ = {isa = PBXFileReference; lastKnownFileType = sourcecode.swift; path = ViewController.swift; sourceTree = "<group>"; };
		58C328DE1C1C141700FB570C /* Base */ = {isa = PBXFileReference; lastKnownFileType = file.storyboard; name = Base; path = Base.lproj/Main.storyboard; sourceTree = "<group>"; };
		58C328E01C1C141700FB570C /* Assets.xcassets */ = {isa = PBXFileReference; lastKnownFileType = folder.assetcatalog; path = Assets.xcassets; sourceTree = "<group>"; };
		58C328E31C1C141700FB570C /* Base */ = {isa = PBXFileReference; lastKnownFileType = file.storyboard; name = Base; path = Base.lproj/LaunchScreen.storyboard; sourceTree = "<group>"; };
		58C328E51C1C141700FB570C /* Info.plist */ = {isa = PBXFileReference; lastKnownFileType = text.plist.xml; path = Info.plist; sourceTree = "<group>"; };
/* End PBXFileReference section */

/* Begin PBXFrameworksBuildPhase section */
		58C328D31C1C141700FB570C /* Frameworks */ = {
			isa = PBXFrameworksBuildPhase;
			buildActionMask = 2147483647;
			files = (
			);
			runOnlyForDeploymentPostprocessing = 0;
		};
/* End PBXFrameworksBuildPhase section */

/* Begin PBXGroup section */
		58C328CD1C1C141700FB570C = {
			isa = PBXGroup;
			children = (
				58C328D81C1C141700FB570C /* DaCoolest */,
				58C328D71C1C141700FB570C /* Products */,
			);
			sourceTree = "<group>";
		};
		58C328D71C1C141700FB570C /* Products */ = {
			isa = PBXGroup;
			children = (
				58C328D61C1C141700FB570C /* DaCoolest.app */,
			);
			name = Products;
			sourceTree = "<group>";
		};
		58C328D81C1C141700FB570C /* DaCoolest */ = {
			isa = PBXGroup;
			children = (
				58C328D91C1C141700FB570C /* AppDelegate.swift */,
				58C328DB1C1C141700FB570C /* ViewController.swift */,
				58C328DD1C1C141700FB570C /* Main.storyboard */,
				58C328E01C1C141700FB570C /* Assets.xcassets */,
				58C328E21C1C141700FB570C /* LaunchScreen.storyboard */,
				58C328E51C1C141700FB570C /* Info.plist */,
			);
			path = DaCoolest;
			sourceTree = "<group>";
		};
/* End PBXGroup section */

/* Begin PBXNativeTarget section */
		58C328D51C1C141700FB570C /* DaCoolest */ = {
			isa = PBXNativeTarget;
			buildConfigurationList = 58C328E81C1C141700FB570C /* Build configuration list for PBXNativeTarget "DaCoolest" */;
			buildPhases = (
				58C328D21C1C141700FB570C /* Sources */,
				58C328D31C1C141700FB570C /* Frameworks */,
				58C328D41C1C141700FB570C /* Resources */,
			);
			buildRules = (
			);
			dependencies = (
			);
			name = DaCoolest;
			productName = DaCoolest;
			productReference = 58C328D61C1C141700FB570C /* DaCoolest.app */;
			productType = "com.apple.product-type.application";
		};
/* End PBXNativeTarget section */

/* Begin PBXProject section */
		58C328CE1C1C141700FB570C /* Project object */ = {
			isa = PBXProject;
			attributes = {
				LastSwiftUpdateCheck = 0710;
				LastUpgradeCheck = 0710;
				ORGANIZATIONNAME = Vit;
				TargetAttributes = {
					58C328D51C1C141700FB570C = {
						CreatedOnToolsVersion = 7.1.1;
					};
				};
			};
			buildConfigurationList = 58C328D11C1C141700FB570C /* Build configuration list for PBXProject "DaCoolest" */;
			compatibilityVersion = "Xcode 3.2";
			developmentRegion = English;
			hasScannedForEncodings = 0;
			knownRegions = (
				en,
				Base,
			);
			mainGroup = 58C328CD1C1C141700FB570C;
			productRefGroup = 58C328D71C1C141700FB570C /* Products */;
			projectDirPath = "";
			projectRoot = "";
			targets = (
				58C328D51C1C141700FB570C /* DaCoolest */,
			);
		};
/* End PBXProject section */

/* Begin PBXResourcesBuildPhase section */
		58C328D41C1C141700FB570C /* Resources */ = {
			isa = PBXResourcesBuildPhase;
			buildActionMask = 2147483647;
			files = (
				58C328E41C1C141700FB570C /* LaunchScreen.storyboard in Resources */,
				58C328E11C1C141700FB570C /* Assets.xcassets in Resources */,
				58C328DF1C1C141700FB570C /* Main.storyboard in Resources */,
			);
			runOnlyForDeploymentPostprocessing = 0;
		};
/* End PBXResourcesBuildPhase section */

/* Begin PBXSourcesBuildPhase section */
		58C328D21C1C141700FB570C /* Sources */ = {
			isa = PBXSourcesBuildPhase;
			buildActionMask = 2147483647;
			files = (
				58C328DC1C1C141700FB570C /* ViewController.swift in Sources */,
				58C328DA1C1C141700FB570C /* AppDelegate.swift in Sources */,
			);
			runOnlyForDeploymentPostprocessing = 0;
		};
/* End PBXSourcesBuildPhase section */

/* Begin PBXVariantGroup section */
		58C328DD1C1C141700FB570C /* Main.storyboard */ = {
			isa = PBXVariantGroup;
			children = (
				58C328DE1C1C141700FB570C /* Base */,
			);
			name = Main.storyboard;
			sourceTree = "<group>";
		};
		58C328E21C1C141700FB570C /* LaunchScreen.storyboard */ = {
			isa = PBXVariantGroup;
			children = (
				58C328E31C1C141700FB570C /* Base */,
			);
			name = LaunchScreen.storyboard;
			sourceTree = "<group>";
		};
/* End PBXVariantGroup section */

/* Begin XCBuildConfiguration section */
		58C328E61C1C141700FB570C /* Debug */ = {
			isa = XCBuildConfiguration;
			buildSettings = {
				ALWAYS_SEARCH_USER_PATHS = NO;
				CLANG_CXX_LANGUAGE_STANDARD = "gnu++0x";
				CLANG_CXX_LIBRARY = "libc++";
				CLANG_ENABLE_MODULES = YES;
				CLANG_ENABLE_OBJC_ARC = YES;
				CLANG_WARN_BOOL_CONVERSION = YES;
				CLANG_WARN_CONSTANT_CONVERSION = YES;
				CLANG_WARN_DIRECT_OBJC_ISA_USAGE = YES_ERROR;
				CLANG_WARN_EMPTY_BODY = YES;
				CLANG_WARN_ENUM_CONVERSION = YES;
				CLANG_WARN_INT_CONVERSION = YES;
				CLANG_WARN_OBJC_ROOT_CLASS = YES_ERROR;
				CLANG_WARN_UNREACHABLE_CODE = YES;
				CLANG_WARN__DUPLICATE_METHOD_MATCH = YES;
				"CODE_SIGN_IDENTITY[sdk=iphoneos*]" = "iPhone Developer";
				COPY_PHASE_STRIP = NO;
				DEBUG_INFORMATION_FORMAT = dwarf;
				ENABLE_STRICT_OBJC_MSGSEND = YES;
				ENABLE_TESTABILITY = YES;
				GCC_C_LANGUAGE_STANDARD = gnu99;
				GCC_DYNAMIC_NO_PIC = NO;
				GCC_NO_COMMON_BLOCKS = YES;
				GCC_OPTIMIZATION_LEVEL = 0;
				GCC_PREPROCESSOR_DEFINITIONS = (
					"DEBUG=1",
					"$(inherited)",
				);
				GCC_WARN_64_TO_32_BIT_CONVERSION = YES;
				GCC_WARN_ABOUT_RETURN_TYPE = YES_ERROR;
				GCC_WARN_UNDECLARED_SELECTOR = YES;
				GCC_WARN_UNINITIALIZED_AUTOS = YES_AGGRESSIVE;
				GCC_WARN_UNUSED_FUNCTION = YES;
				GCC_WARN_UNUSED_VARIABLE = YES;
				IPHONEOS_DEPLOYMENT_TARGET = 9.1;
				MTL_ENABLE_DEBUG_INFO = YES;
				ONLY_ACTIVE_ARCH = YES;
				SDKROOT = iphoneos;
				SWIFT_OPTIMIZATION_LEVEL = "-Onone";
			};
			name = Debug;
		};
		58C328E71C1C141700FB570C /* Release */ = {
			isa = XCBuildConfiguration;
			buildSettings = {
				ALWAYS_SEARCH_USER_PATHS = NO;
				CLANG_CXX_LANGUAGE_STANDARD = "gnu++0x";
				CLANG_CXX_LIBRARY = "libc++";
				CLANG_ENABLE_MODULES = YES;
				CLANG_ENABLE_OBJC_ARC = YES;
				CLANG_WARN_BOOL_CONVERSION = YES;
				CLANG_WARN_CONSTANT_CONVERSION = YES;
				CLANG_WARN_DIRECT_OBJC_ISA_USAGE = YES_ERROR;
				CLANG_WARN_EMPTY_BODY = YES;
				CLANG_WARN_ENUM_CONVERSION = YES;
				CLANG_WARN_INT_CONVERSION = YES;
				CLANG_WARN_OBJC_ROOT_CLASS = YES_ERROR;
				CLANG_WARN_UNREACHABLE_CODE = YES;
				CLANG_WARN__DUPLICATE_METHOD_MATCH = YES;
				"CODE_SIGN_IDENTITY[sdk=iphoneos*]" = "iPhone Developer";
				COPY_PHASE_STRIP = NO;
				DEBUG_INFORMATION_FORMAT = "dwarf-with-dsym";
				ENABLE_NS_ASSERTIONS = NO;
				ENABLE_STRICT_OBJC_MSGSEND = YES;
				GCC_C_LANGUAGE_STANDARD = gnu99;
				GCC_NO_COMMON_BLOCKS = YES;
				GCC_WARN_64_TO_32_BIT_CONVERSION = YES;
				GCC_WARN_ABOUT_RETURN_TYPE = YES_ERROR;
				GCC_WARN_UNDECLARED_SELECTOR = YES;
				GCC_WARN_UNINITIALIZED_AUTOS = YES_AGGRESSIVE;
				GCC_WARN_UNUSED_FUNCTION = YES;
				GCC_WARN_UNUSED_VARIABLE = YES;
				IPHONEOS_DEPLOYMENT_TARGET = 9.1;
				MTL_ENABLE_DEBUG_INFO = NO;
				SDKROOT = iphoneos;
				VALIDATE_PRODUCT = YES;
			};
			name = Release;
		};
		58C328E91C1C141700FB570C /* Debug */ = {
			isa = XCBuildConfiguration;
			buildSettings = {
				ASSETCATALOG_COMPILER_APPICON_NAME = AppIcon;
				INFOPLIST_FILE = DaCoolest/Info.plist;
				LD_RUNPATH_SEARCH_PATHS = "$(inherited) @executable_path/Frameworks";
				PRODUCT_BUNDLE_IDENTIFIER = online.vit.DaCoolest;
				PRODUCT_NAME = "$(TARGET_NAME)";
			};
			name = Debug;
		};
		58C328EA1C1C141700FB570C /* Release */ = {
			isa = XCBuildConfiguration;
			buildSettings = {
				ASSETCATALOG_COMPILER_APPICON_NAME = AppIcon;
				INFOPLIST_FILE = DaCoolest/Info.plist;
				LD_RUNPATH_SEARCH_PATHS = "$(inherited) @executable_path/Frameworks";
				PRODUCT_BUNDLE_IDENTIFIER = online.vit.DaCoolest;
				PRODUCT_NAME = "$(TARGET_NAME)";
			};
			name = Release;
		};
/* End XCBuildConfiguration section */

/* Begin XCConfigurationList section */
		58C328D11C1C141700FB570C /* Build configuration list for PBXProject "DaCoolest" */ = {
			isa = XCConfigurationList;
			buildConfigurations = (
				58C328E61C1C141700FB570C /* Debug */,
				58C328E71C1C141700FB570C /* Release */,
			);
			defaultConfigurationIsVisible = 0;
			defaultConfigurationName = Release;
		};
		58C328E81C1C141700FB570C /* Build configuration list for PBXNativeTarget "DaCoolest" */ = {
			isa = XCConfigurationList;
			buildConfigurations = (
				58C328E91C1C141700FB570C /* Debug */,
				58C328EA1C1C141700FB570C /* Release */,
			);
			defaultConfigurationIsVisible = 0;
		};
/* End XCConfigurationList section */
	};
	rootObject = 58C328CE1C1C141700FB570C /* Project object */;
}
